
Microsoft Visual Studio Solution File, Format Version 12.00
# Visual Studio Version 16
VisualStudioVersion = 16.0.30503.244
MinimumVisualStudioVersion = 10.0.40219.1
Project("{8BC9CEB8-8B4A-11D0-8D11-00A0C91BC942}") = "STL", "STL\STL.vcxproj", "{B1B60DE8-5EA4-4824-9AB9-32AB30245E1B}"
EndProject
Project("{8BC9CEB8-8B4A-11D0-8D11-00A0C91BC942}") = "List", "List\List.vcxproj", "{5E68D62F-832C-48E6-AB07-28F23E2E257E}"
EndProject
Project("{8BC9CEB8-8B4A-11D0-8D11-00A0C91BC942}") = "AssociativeCont", "AssociativeCont\AssociativeCont.vcxproj", "{557839DB-E579-4660-8A29-F2A83B29F93C}"
EndProject
Project("{8BC9CEB8-8B4A-11D0-8D11-00A0C91BC942}") = "DZ", "DZ\DZ.vcxproj", "{FE32B474-EEB1-4D47-954D-45A0246713A6}"
EndProject
Global
	GlobalSection(SolutionConfigurationPlatforms) = preSolution
		Debug|x64 = Debug|x64
		Debug|x86 = Debug|x86
		Release|x64 = Release|x64
		Release|x86 = Release|x86
	EndGlobalSection
	GlobalSection(ProjectConfigurationPlatforms) = postSolution
		{B1B60DE8-5EA4-4824-9AB9-32AB30245E1B}.Debug|x64.ActiveCfg = Debug|x64
		{B1B60DE8-5EA4-4824-9AB9-32AB30245E1B}.Debug|x64.Build.0 = Debug|x64
		{B1B60DE8-5EA4-4824-9AB9-32AB30245E1B}.Debug|x86.ActiveCfg = Debug|Win32
		{B1B60DE8-5EA4-4824-9AB9-32AB30245E1B}.Debug|x86.Build.0 = Debug|Win32
		{B1B60DE8-5EA4-4824-9AB9-32AB30245E1B}.Release|x64.ActiveCfg = Release|x64
		{B1B60DE8-5EA4-4824-9AB9-32AB30245E1B}.Release|x64.Build.0 = Release|x64
		{B1B60DE8-5EA4-4824-9AB9-32AB30245E1B}.Release|x86.ActiveCfg = Release|Win32
		{B1B60DE8-5EA4-4824-9AB9-32AB30245E1B}.Release|x86.Build.0 = Release|Win32
		{5E68D62F-832C-48E6-AB07-28F23E2E257E}.Debug|x64.ActiveCfg = Debug|x64
		{5E68D62F-832C-48E6-AB07-28F23E2E257E}.Debug|x64.Build.0 = Debug|x64
		{5E68D62F-832C-48E6-AB07-28F23E2E257E}.Debug|x86.ActiveCfg = Debug|Win32
		{5E68D62F-832C-48E6-AB07-28F23E2E257E}.Debug|x86.Build.0 = Debug|Win32
		{5E68D62F-832C-48E6-AB07-28F23E2E257E}.Release|x64.ActiveCfg = Release|x64
		{5E68D62F-832C-48E6-AB07-28F23E2E257E}.Release|x64.Build.0 = Release|x64
		{5E68D62F-832C-48E6-AB07-28F23E2E257E}.Release|x86.ActiveCfg = Release|Win32
		{5E68D62F-832C-48E6-AB07-28F23E2E257E}.Release|x86.Build.0 = Release|Win32
		{557839DB-E579-4660-8A29-F2A83B29F93C}.Debug|x64.ActiveCfg = Debug|x64
		{557839DB-E579-4660-8A29-F2A83B29F93C}.Debug|x64.Build.0 = Debug|x64
		{557839DB-E579-4660-8A29-F2A83B29F93C}.Debug|x86.ActiveCfg = Debug|Win32
		{557839DB-E579-4660-8A29-F2A83B29F93C}.Debug|x86.Build.0 = Debug|Win32
		{557839DB-E579-4660-8A29-F2A83B29F93C}.Release|x64.ActiveCfg = Release|x64
		{557839DB-E579-4660-8A29-F2A83B29F93C}.Release|x64.Build.0 = Release|x64
		{557839DB-E579-4660-8A29-F2A83B29F93C}.Release|x86.ActiveCfg = Release|Win32
		{557839DB-E579-4660-8A29-F2A83B29F93C}.Release|x86.Build.0 = Release|Win32
		{FE32B474-EEB1-4D47-954D-45A0246713A6}.Debug|x64.ActiveCfg = Debug|x64
		{FE32B474-EEB1-4D47-954D-45A0246713A6}.Debug|x64.Build.0 = Debug|x64
		{FE32B474-EEB1-4D47-954D-45A0246713A6}.Debug|x86.ActiveCfg = Debug|Win32
		{FE32B474-EEB1-4D47-954D-45A0246713A6}.Debug|x86.Build.0 = Debug|Win32
		{FE32B474-EEB1-4D47-954D-45A0246713A6}.Release|x64.ActiveCfg = Release|x64
		{FE32B474-EEB1-4D47-954D-45A0246713A6}.Release|x64.Build.0 = Release|x64
		{FE32B474-EEB1-4D47-954D-45A0246713A6}.Release|x86.ActiveCfg = Release|Win32
		{FE32B474-EEB1-4D47-954D-45A0246713A6}.Release|x86.Build.0 = Release|Win32
	EndGlobalSection
	GlobalSection(SolutionProperties) = preSolution
		HideSolutionNode = FALSE
	EndGlobalSection
	GlobalSection(ExtensibilityGlobals) = postSolution
		SolutionGuid = {2E12A21F-465F-45AF-86C1-796214CF541C}
	EndGlobalSection
EndGlobal
